github.com/aead/siphash v1.0.1/go.mod h1:Nywa3cDsYNNK3gaciGTWPwHt0wlpNV15vwmswBAUSII=
github.com/armon/go-metrics v0.0.0-20180917152333-f0300d1749da h1:8GUt8eRujhVEGZFFEjBj46YV4rDjvGrNxb0KMWYkL2I=
github.com/armon/go-metrics v0.0.0-20180917152333-f0300d1749da/go.mod h1:Q73ZrmVTwzkszR9V5SSuryQ31EELlFMUz1kKyl939pY=
github.com/btcsuite/btcd v0.0.0-20190213025234-306aecffea32 h1:qkOC5Gd33k54tobS36cXdAzJbeHaduLtnLQQwNoIi78=
github.com/btcsuite/btcd v0.0.0-20190213025234-306aecffea32/go.mod h1:DrZx5ec/dmnfpw9KyYoQyYo7d0KEvTkk/5M/vbZjAr8=
github.com/btcsuite/btclog v0.0.0-20170628155309-84c8d2346e9f/go.mod h1:TdznJufoqS23FtqVCzL0ZqgP5MqXbb4fg/WgDys70nA=
github.com/btcsuite/btcutil v0.0.0-20190207003914-4c204d697803/go.mod h1:+5NJ2+qvTyV9exUAL/rxXi3DcLg2Ts+ymUAY5y4NvMg=
github.com/btcsuite/go-socks v0.0.0-20170105172521-4720035b7bfd/go.mod h1:HHNXQzUsZCxOoE+CPiyCTO6x34Zs86zZUiwtpXoGdtg=
github.com/btcsuite/goleveldb v0.0.0-20160330041536-7834afc9e8cd/go.mod h1:F+uVaaLLH7j4eDXPRvw78tMflu7Ie2bzYOH4Y8rRKBY=
github.com/btcsuite/snappy-go v0.0.0-20151229074030-0bdef8d06723/go.mod h1:8woku9dyThutzjeg+3xrA5iCpBRH8XEEg3lh6TiUghc=
github.com/btcsuite/websocket v0.0.0-20150119174127-31079b680792/go.mod h1:ghJtEyQwv5/p4Mg4C0fgbePVuGr935/5ddU9Z3TmDRY=
github.com/btcsuite/winsvc v1.0.0/go.mod h1:jsenWakMcC0zFBFurPLEAyrnc/teJEM1O46fmI40EZs=
github.com/davecgh/go-spew v0.0.0-20171005155431-ecdeabc65495/go.mod h1:J7Y8YcW2NihsgmVo/mv3lAwl/skON4iLHjSsI+c5H38=
github.com/davecgh/go-spew v1.1.1 h1:vj9j/u1bqnvCEfJOwUhtlOARqs3+rkHYY13jYWTU97c=
github.com/davecgh/go-spew v1.1.1/go.mod h1:J7Y8YcW2NihsgmVo/mv3lAwl/skON4iLHjSsI+c5H38=
github.com/dimfeld/httppath v0.0.0-20170720192232-ee938bf73598 h1:MGKhKyiYrvMDZsmLR/+RGffQSXwEkXgfLSA08qDn9AI=
github.com/dimfeld/httppath v0.0.0-20170720192232-ee938bf73598/go.mod h1:0FpDmbrt36utu8jEmeU05dPC9AB5tsLYVVi+ZHfyuwI=
github.com/dimfeld/httptreemux v0.0.0-20181203084027-0ffa82afd135 h1:7Kl+EA2y0ReZPQxN8Y97Qh8CPqE9G8cGHe5DXlxMmlw=
github.com/dimfeld/httptreemux v0.0.0-20181203084027-0ffa82afd135/go.mod h1:rbUlSV+CCpv/SuqUTP/8Bk2O3LyUV436/yaRGkhP6Z0=
github.com/ethereum/go-ethereum v0.0.0-20180116162341-02aeb3d76652 h1:YeeruELQsFY5aZPRrd/vDGqlxOHvwIGJD2HcZlGyfOE=
github.com/ethereum/go-ethereum v0.0.0-20180116162341-02aeb3d76652/go.mod h1:PwpWDrCLZrV+tfrhqqF6kPknbISMHaJv9Ln3kPCZLwY=
github.com/fsnotify/fsnotify v1.4.7 h1:IXs+QLmnXW2CcXuY+8Mzv/fWEsPGWxqefPtCP5CnV9I=
github.com/fsnotify/fsnotify v1.4.7/go.mod h1:jwhsz4b93w/PPRr/qN1Yymfu8t87LnFCMoQvtojpjFo=
github.com/go-stack/stack v1.8.0 h1:5SgMzNM5HxrEjV0ww2lTmX6E2Izsfxas4+YHWRs3Lsk=
github.com/go-stack/stack v1.8.0/go.mod h1:v0f6uXyyMGvRgIKkXu+yp6POWl0qKG85gN/melR3HDY=
github.com/goadesign/goa v0.0.0-20181123163739-e6e9ecbac971 h1:IDMmxlFpMFiwKsOM5umrCYrg3IPtwOpNbUSqHH4xqTw=
github.com/goadesign/goa v0.0.0-20181123163739-e6e9ecbac971/go.mod h1:d/9lpuZBK7HFi/7O0oXfwvdoIl+nx2bwKqctZe/lQao=
github.com/golang/protobuf v1.2.0 h1:P3YflyNX/ehuJFLhxviNdFxQPkGK5cDcApsge1SqnvM=
github.com/golang/protobuf v1.2.0/go.mod h1:6lQm79b+lXiMfvg/cZm0SGofjICqVBUtrP5yJMmIC1U=
github.com/golang/snappy v0.0.0-20180518054509-2e65f85255db h1:woRePGFeVFfLKN/pOkfl+p/TAqKOfFu+7KPlMVpok/w=
github.com/golang/snappy v0.0.0-20180518054509-2e65f85255db/go.mod h1:/XxbfmMg8lxefKM7IXC3fBNl/7bRcc72aCRzEWrmP2Q=
github.com/google/gxui v0.0.0-20151028112939-f85e0a97b3a4 h1:OL2d27ueTKnlQJoqLW2fc9pWYulFnJYLWzomGV7HqZo=
github.com/google/gxui v0.0.0-20151028112939-f85e0a97b3a4/go.mod h1:Pw1H1OjSNHiqeuxAduB1BKYXIwFtsyrY47nEqSgEiCM=
github.com/gopherjs/gopherjs v0.0.0-20181103185306-d547d1d9531e h1:JKmoR8x90Iww1ks85zJ1lfDGgIiMDuIptTOhJq+zKyg=
github.com/gopherjs/gopherjs v0.0.0-20181103185306-d547d1d9531e/go.mod h1:wJfORRmW1u3UXTncJ5qlYoELFm8eSnnEO6hX4iZ3EWY=
github.com/hashicorp/go-immutable-radix v1.0.0 h1:AKDB1HM5PWEA7i4nhcpwOrO2byshxBjXVn/J/3+z5/0=
github.com/hashicorp/go-immutable-radix v1.0.0/go.mod h1:0y9vanUI8NX6FsYoO3zeMjhV/C5i9g4Q3DwcSNZ4P60=
github.com/hashicorp/go-uuid v1.0.0 h1:RS8zrF7PhGwyNPOtxSClXXj9HA8feRnJzgnI1RJCSnM=
github.com/hashicorp/go-uuid v1.0.0/go.mod h1:6SBZvOh/SIDV7/2o3Jml5SYk/TvGqwFJ/bN7x4byOro=
github.com/hashicorp/golang-lru v0.5.0 h1:CL2msUPvZTLb5O648aiLNJw3hnBxN2+1Jq8rCOH9wdo=
github.com/hashicorp/golang-lru v0.5.0/go.mod h1:/m3WP610KZHVQ1SGc6re/UDhFvYD7pJ4Ao+sR/qLZy8=
github.com/hpcloud/tail v1.0.0 h1:nfCOvKYfkgYP8hkirhJocXT2+zOD8yUNjXaWfTlyFKI=
github.com/hpcloud/tail v1.0.0/go.mod h1:ab1qPbhIpdTxEkNHXyeSf5vhxWSCs/tWer42PpOxQnU=
github.com/inconshreveable/mousetrap v1.0.0 h1:Z8tu5sraLXCXIcARxBp/8cbvlwVa7Z1NHg9XEKhtSvM=
github.com/inconshreveable/mousetrap v1.0.0/go.mod h1:PxqpIevigyE2G7u3NXJIT2ANytuPF1OarO4DADm73n8=
github.com/jessevdk/go-flags v0.0.0-20141203071132-1679536dcc89/go.mod h1:4FA24M0QyGHXBuZZK/XkWh8h0e1EYbRYJSGM75WSRxI=
github.com/jrick/logrotate v1.0.0/go.mod h1:LNinyqDIJnpAur+b8yyulnQw/wDuN1+BYKlTRt3OuAQ=
github.com/jtolds/gls v4.2.1+incompatible h1:fSuqC+Gmlu6l/ZYAoZzx2pyucC8Xza35fpRVWLVmUEE=
github.com/jtolds/gls v4.2.1+incompatible/go.mod h1:QJZ7F/aHp+rZTRtaJ1ow/lLfFfVYBRgL+9YlvaHOwJU=
github.com/kkdai/bstream v0.0.0-20161212061736-f391b8402d23/go.mod h1:J+Gs4SYgM6CZQHDETBtE9HaSEkGmuNXF86RwHhHUvq4=
github.com/konsorten/go-windows-terminal-sequences v1.0.1 h1:mweAR1A6xJ3oS2pRaGiHgQ4OO8tzTaLawm8vnODuwDk=
github.com/konsorten/go-windows-terminal-sequences v1.0.1/go.mod h1:T0+1ngSBFLxvqU3pZ+m/2kptfBszLMUkC4ZK/EgS/cQ=
github.com/kr/pretty v0.1.0 h1:L/CwN0zerZDmRFUapSPitk6f+Q3+0za1rQkzVuMiMFI=
github.com/kr/pretty v0.1.0/go.mod h1:dAy3ld7l9f0ibDNOQOHHMYYIIbhfbHSm3C4ZsoJORNo=
github.com/kr/pty v1.1.1/go.mod h1:pFQYn66WHrOpPYNljwOMqo10TkYh1fy3cYio2l3bCsQ=
github.com/kr/text v0.1.0 h1:45sCR5RtlFHMR4UwH9sdQ5TC8v0qDQCHnXt+kaKSTVE=
github.com/kr/text v0.1.0/go.mod h1:4Jbv+DJW3UT/LiOwJeYQe1efqtUx/iVham/4vfdArNI=
github.com/manveru/faker v0.0.0-20171103152722-9fbc68a78c4d h1:Zj+PHjnhRYWBK6RqCDBcAhLXoi3TzC27Zad/Vn+gnVQ=
github.com/manveru/faker v0.0.0-20171103152722-9fbc68a78c4d/go.mod h1:WZy8Q5coAB1zhY9AOBJP0O6J4BuDfbupUDavKY+I3+s=
github.com/manveru/gobdd v0.0.0-20131210092515-f1a17fdd710b h1:3E44bLeN8uKYdfQqVQycPnaVviZdBLbizFhU49mtbe4=
github.com/manveru/gobdd v0.0.0-20131210092515-f1a17fdd710b/go.mod h1:Bj8LjjP0ReT1eKt5QlKjwgi5AFm5mI6O1A2G4ChI0Ag=
github.com/onsi/ginkgo v1.6.0/go.mod h1:lLunBs/Ym6LB5Z9jYTR76FiuTmxDTDusOGeTQH+WWjE=
github.com/onsi/ginkgo v1.7.0 h1:WSHQ+IS43OoUrWtD1/bbclrwK8TTH5hzp+umCiuxHgs=
github.com/onsi/ginkgo v1.7.0/go.mod h1:lLunBs/Ym6LB5Z9jYTR76FiuTmxDTDusOGeTQH+WWjE=
github.com/onsi/gomega v1.4.3 h1:RE1xgDvH7imwFD45h+u2SgIfERHlS2yNG4DObb5BSKU=
github.com/onsi/gomega v1.4.3/go.mod h1:ex+gbHU/CVuBBDIJjb2X0qEXbFg53c61hWP/1CpauHY=
github.com/pascaldekloe/goe v0.0.0-20180627143212-57f6aae5913c h1:Lgl0gzECD8GnQ5QCWA8o6BtfL6mDH5rQgM4/fX3avOs=
github.com/pascaldekloe/goe v0.0.0-20180627143212-57f6aae5913c/go.mod h1:lzWF7FIEvWOWxwDKqyGYQf6ZUaNfKdP144TG7ZOy1lc=
github.com/pkg/errors v0.8.1 h1:iURUrRGxPUNPdy5/HRSm+Yj6okJ6UtLINN0Q9M4+h3I=
github.com/pkg/errors v0.8.1/go.mod h1:bwawxfHBFNV+L2hUp1rHADufV3IMtnDRdf1r5NINEl0=
github.com/pmezard/go-difflib v1.0.0 h1:4DBwDE0NGyQoBHbLQYPwSUPoCMWR5BEzIk/f1lZbAQM=
github.com/pmezard/go-difflib v1.0.0/go.mod h1:iKH77koFhYxTK1pcRnkKkqfTogsbg7gZNVY4sRDYZ/4=
github.com/rcrowley/go-metrics v0.0.0-20181016184325-3113b8401b8a h1:9ZKAASQSHhDYGoxY8uLVpewe1GDZ2vu2Tr/vTdVAkFQ=
github.com/rcrowley/go-metrics v0.0.0-20181016184325-3113b8401b8a/go.mod h1:bCqnVzQkZxMG4s8nGwiZ5l3QUCyqpo9Y+/ZMZ9VjZe4=
github.com/rs/cors v1.6.0 h1:G9tHG9lebljV9mfp9SNPDL36nCDxmo3zTlAf1YgvzmI=
github.com/rs/cors v1.6.0/go.mod h1:gFx+x8UowdsKA9AchylcLynDq+nNFfI8FkUZdN/jGCU=
github.com/satori/go.uuid v0.0.0-20181028125025-b2ce2384e17b h1:8O/3dJ2dGfuLVN0bo2B0IdkG0L8cjpmFJ4r8eRQBCi8=
github.com/satori/go.uuid v0.0.0-20181028125025-b2ce2384e17b/go.mod h1:dA0hQrYB0VpLJoorglMZABFdXlWrHn1NEOzdhQKdks0=
github.com/sirupsen/logrus v0.0.0-20190210130017-cdb2f3857cfb h1:hYiGR/XNzuv0zrJVy0t3vju3CnnFVygtjRt7M+6j9Mw=
github.com/sirupsen/logrus v0.0.0-20190210130017-cdb2f3857cfb/go.mod h1:LxeOpSwHxABJmUn/MG1IvRgCAasNZTLOkJPxbbu5VWo=
github.com/smartystreets/assertions v0.0.0-20190116191733-b6c0e53d7304 h1:Jpy1PXuP99tXNrhbq2BaPz9B+jNAvH1JPQQpG/9GCXY=
github.com/smartystreets/assertions v0.0.0-20190116191733-b6c0e53d7304/go.mod h1:OnSkiWE9lh6wB0YB77sQom3nweQdgAjqCqsofrRNTgc=
github.com/smartystreets/goconvey v0.0.0-20181108003508-044398e4856c h1:Ho+uVpkel/udgjbwB5Lktg9BtvJSh2DT0Hi6LPSyI2w=
github.com/smartystreets/goconvey v0.0.0-20181108003508-044398e4856c/go.mod h1:XDJAKZRPZ1CvBcN2aX5YOUTYGHki24fSF0Iv48Ibg0s=
github.com/spf13/cobra v0.0.0-20181127133106-d2d81d9a96e2 h1:gPjqutnNhLnq5t4hT2UfL06h/mvp4je4OY7Dk71vhuk=
github.com/spf13/cobra v0.0.0-20181127133106-d2d81d9a96e2/go.mod h1:1l0Ry5zgKvJasoi3XT1TypsSe7PqH0Sj9dhYf7v3XqQ=
github.com/spf13/pflag v0.0.0-20181107220802-aea12ed67216 h1:fx6FnnmIn33IiC0sC30DX2oeM4r6ff4+WUbCW3WwJG4=
github.com/spf13/pflag v0.0.0-20181107220802-aea12ed67216/go.mod h1:DYY7MBk1bdzusC3SYhjObp+wFpr4gzcvqqNjLnInEg4=
github.com/stretchr/objx v0.1.1/go.mod h1:HFkY916IF+rwdDfMAkV7OtwuqBVzrE8GR6GFx+wExME=
github.com/stretchr/testify v1.2.2 h1:bSDNvY7ZPG5RlJ8otE/7V6gMiyenm9RtJ7IUVIAoJ1w=
github.com/stretchr/testify v1.2.2/go.mod h1:a8OnRcib4nhh0OaRAV+Yts87kKdq0PP7pXfy6kDkUVs=
github.com/syndtr/goleveldb v0.0.0-20190203031304-2f17a3356c66 h1:AwmkkZT+TucFotNCL+aNJ/0KCMsRtlXN9fs8uoOMSRk=
github.com/syndtr/goleveldb v0.0.0-20190203031304-2f17a3356c66/go.mod h1:ZVVdQEZoIme9iO1Ch2Jdy24qqXrMMOU6lpPAyBWyWuQ=
github.com/zach-klippenstein/goregen v0.0.0-20160303162051-795b5e3961ea h1:CyhwejzVGvZ3Q2PSbQ4NRRYn+ZWv5eS1vlaEusT+bAI=
github.com/zach-klippenstein/goregen v0.0.0-20160303162051-795b5e3961ea/go.mod h1:eNr558nEUjP8acGw8FFjTeWvSgU1stO7FAO6eknhHe4=
golang.org/x/crypto v0.0.0-20170930174604-9419663f5a44/go.mod h1:6SG95UA2DQfeDnfUPMdvaQW0Q7yPrPDi9nlGo2tz2b4=
golang.org/x/crypto v0.0.0-20180904163835-0709b304e793/go.mod h1:6SG95UA2DQfeDnfUPMdvaQW0Q7yPrPDi9nlGo2tz2b4=
golang.org/x/crypto v0.0.0-20190211182817-74369b46fc67 h1:ng3VDlRp5/DHpSWl02R4rM9I+8M2rhmsuLwAMmkLQWE=
golang.org/x/crypto v0.0.0-20190211182817-74369b46fc67/go.mod h1:6SG95UA2DQfeDnfUPMdvaQW0Q7yPrPDi9nlGo2tz2b4=
golang.org/x/net v0.0.0-20180906233101-161cd47e91fd/go.mod h1:mL1N/T3taQHkDXs73rZJwtUhF3w3ftmwwsq0BUmARs4=
golang.org/x/net v0.0.0-20190119204137-ed066c81e75e h1:MDa3fSUp6MdYHouVmCCNz/zaH2a6CRcxY3VhT/K3C5Q=
golang.org/x/net v0.0.0-20190119204137-ed066c81e75e/go.mod h1:mL1N/T3taQHkDXs73rZJwtUhF3w3ftmwwsq0BUmARs4=
golang.org/x/sync v0.0.0-20180314180146-1d60e4601c6f h1:wMNYb4v58l5UBM7MYRLPG6ZhfOqbKu7X5eyFl8ZhKvA=
golang.org/x/sync v0.0.0-20180314180146-1d60e4601c6f/go.mod h1:RxMgew5VJxzue5/jJTE5uejpjVlOe/izrB70Jof72aM=
golang.org/x/sys v0.0.0-20180905080454-ebe1bf3edb33/go.mod h1:STP8DvDyc/dI5b8T5hshtkjS+E42TnysNCUPdjciGhY=
golang.org/x/sys v0.0.0-20180909124046-d0be0721c37e/go.mod h1:STP8DvDyc/dI5b8T5hshtkjS+E42TnysNCUPdjciGhY=
golang.org/x/sys v0.0.0-20190213121743-983097b1a8a3 h1:+KlxhGbYkFs8lMfwKn+2ojry1ID5eBSMXprS2u/wqCE=
golang.org/x/sys v0.0.0-20190213121743-983097b1a8a3/go.mod h1:STP8DvDyc/dI5b8T5hshtkjS+E42TnysNCUPdjciGhY=
golang.org/x/text v0.3.0 h1:g61tztE5qeGQ89tm6NTjjM9VPIm088od1l6aSorWRWg=
golang.org/x/text v0.3.0/go.mod h1:NqM8EUOU14njkJ3fqMW+pc6Ldnwhi/IjpwHt7yyuwOQ=
gopkg.in/check.v1 v0.0.0-20161208181325-20d25e280405/go.mod h1:Co6ibVJAznAaIkqp8huTwlJQCZ016jof/cbN4VW5Yz0=
gopkg.in/check.v1 v1.0.0-20180628173108-788fd7840127 h1:qIbj1fsPNlZgppZ+VLlY7N33q108Sa+fhmuc+sWQYwY=
gopkg.in/check.v1 v1.0.0-20180628173108-788fd7840127/go.mod h1:Co6ibVJAznAaIkqp8huTwlJQCZ016jof/cbN4VW5Yz0=
gopkg.in/fatih/set.v0 v0.2.1 h1:Xvyyp7LXu34P0ROhCyfXkmQCAoOUKb1E2JS9I7SE5CY=
gopkg.in/fatih/set.v0 v0.2.1/go.mod h1:5eLWEndGL4zGGemXWrKuts+wTJR0y+w+auqUJZbmyBg=
gopkg.in/fsnotify.v1 v1.4.7 h1:xOHLXZwVvI9hhs+cLKq5+I5onOuwQLhQwiu63xxlHs4=
gopkg.in/fsnotify.v1 v1.4.7/go.mod h1:Tz8NjZHkW78fSQdbUxIjBTcgA1z1m8ZHf0WmKUhAMys=
gopkg.in/karalabe/cookiejar.v2 v2.0.0-20150724131613-8dcd6a7f4951 h1:DMTcQRFbEH62YPRWwOI647s2e5mHda3oBPMHfrLs2bw=
gopkg.in/karalabe/cookiejar.v2 v2.0.0-20150724131613-8dcd6a7f4951/go.mod h1:owOxCRGGeAx1uugABik6K9oeNu1cgxP/R9ItzLDxNWA=
gopkg.in/natefinch/npipe.v2 v2.0.0-20160621034901-c1b8fa8bdcce h1:+JknDZhAj8YMt7GC73Ei8pv4MzjDUNPHgQWJdtMAaDU=
gopkg.in/natefinch/npipe.v2 v2.0.0-20160621034901-c1b8fa8bdcce/go.mod h1:5AcXVHNjg+BDxry382+8OKon8SEWiKktQR07RKPsv1c=
gopkg.in/tomb.v1 v1.0.0-20141024135613-dd632973f1e7 h1:uRGJdciOHaEIrze2W8Q3AKkepLTh2hOroT7a+7czfdQ=
gopkg.in/tomb.v1 v1.0.0-20141024135613-dd632973f1e7/go.mod h1:dt/ZhP58zS4L8KSrWDmTeBkI65Dw0HsyUHuEVlX15mw=
gopkg.in/yaml.v2 v2.2.1 h1:mUhvW9EsL+naU5Q3cakzfE91YhliOondGd6ZrsDBHQE=
gopkg.in/yaml.v2 v2.2.1/go.mod h1:hI93XBmqTisBFMUTm0b8Fm+jr3Dg1NNxqwp+5A1VGuI=
